# THIS IS AN AUTOGENERATED FILE. DO NOT EDIT THIS FILE DIRECTLY.
# yarn lockfile v1


modbus-tcp@^0.4.13:
  version "0.4.13"
  resolved "https://registry.yarnpkg.com/modbus-tcp/-/modbus-tcp-0.4.13.tgz#3e0e93af516d78a19f0f62686e64558e6ae6426b"
  integrity sha512-TytYObBTQhEMzjfFgGK3iESUoneH9WJRWHoZkt7PBuNnnx2nSOW0tOLC1YeQKNi/Qv7Xv0IjbVhxOoHyXOaV9g==
